
Microsoft Visual Studio Solution File, Format Version 12.00
# Visual Studio Version 17
VisualStudioVersion = 17.0.32112.339
MinimumVisualStudioVersion = 10.0.40219.1
Project("{9A19103F-16F7-4668-BE54-9A1E7A4F7556}") = "Vazaar.Core.Api", "Vazaar.Core.Api\Vazaar.Core.Api.csproj", "{877A3111-11B5-4B02-9B31-AAB79D3DE665}"
EndProject
Project("{9A19103F-16F7-4668-BE54-9A1E7A4F7556}") = "Vazaar.Core.Api.Tests.Unit", "Vazaar.Core.Api.Tests.Unit\Vazaar.Core.Api.Tests.Unit.csproj", "{7FFC2259-1E3B-4840-A820-3E3D7F94566A}"
EndProject
Project("{9A19103F-16F7-4668-BE54-9A1E7A4F7556}") = "Vazaar.Core.Api.Tests.Acceptance", "Vazaar.Core.Api.Tests.Acceptance\Vazaar.Core.Api.Tests.Acceptance.csproj", "{3138EEAD-8EE6-4D0D-A3AD-EC22AB09DD16}"
EndProject
Project("{9A19103F-16F7-4668-BE54-9A1E7A4F7556}") = "Vazaar.Core.Api.Infrastructure.Build", "Vazaar.Core.Api.Infrastructure.Build\Vazaar.Core.Api.Infrastructure.Build.csproj", "{9DC43626-3364-4F20-A138-843C54D71BDA}"
EndProject
Project("{FAE04EC0-301F-11D3-BF4B-00C04F79EFBC}") = "Vazaar.Core.Membership", "Vazaar.Core.Membership\Vazaar.Core.Membership.csproj", "{642F728B-C846-4D70-8D50-B989075A0BC3}"
EndProject
Global
	GlobalSection(SolutionConfigurationPlatforms) = preSolution
		Debug|Any CPU = Debug|Any CPU
		Release|Any CPU = Release|Any CPU
	EndGlobalSection
	GlobalSection(ProjectConfigurationPlatforms) = postSolution
		{877A3111-11B5-4B02-9B31-AAB79D3DE665}.Debug|Any CPU.ActiveCfg = Debug|Any CPU
		{877A3111-11B5-4B02-9B31-AAB79D3DE665}.Debug|Any CPU.Build.0 = Debug|Any CPU
		{877A3111-11B5-4B02-9B31-AAB79D3DE665}.Release|Any CPU.ActiveCfg = Release|Any CPU
		{877A3111-11B5-4B02-9B31-AAB79D3DE665}.Release|Any CPU.Build.0 = Release|Any CPU
		{7FFC2259-1E3B-4840-A820-3E3D7F94566A}.Debug|Any CPU.ActiveCfg = Debug|Any CPU
		{7FFC2259-1E3B-4840-A820-3E3D7F94566A}.Debug|Any CPU.Build.0 = Debug|Any CPU
		{7FFC2259-1E3B-4840-A820-3E3D7F94566A}.Release|Any CPU.ActiveCfg = Release|Any CPU
		{7FFC2259-1E3B-4840-A820-3E3D7F94566A}.Release|Any CPU.Build.0 = Release|Any CPU
		{3138EEAD-8EE6-4D0D-A3AD-EC22AB09DD16}.Debug|Any CPU.ActiveCfg = Debug|Any CPU
		{3138EEAD-8EE6-4D0D-A3AD-EC22AB09DD16}.Debug|Any CPU.Build.0 = Debug|Any CPU
		{3138EEAD-8EE6-4D0D-A3AD-EC22AB09DD16}.Release|Any CPU.ActiveCfg = Release|Any CPU
		{3138EEAD-8EE6-4D0D-A3AD-EC22AB09DD16}.Release|Any CPU.Build.0 = Release|Any CPU
		{9DC43626-3364-4F20-A138-843C54D71BDA}.Debug|Any CPU.ActiveCfg = Debug|Any CPU
		{9DC43626-3364-4F20-A138-843C54D71BDA}.Debug|Any CPU.Build.0 = Debug|Any CPU
		{9DC43626-3364-4F20-A138-843C54D71BDA}.Release|Any CPU.ActiveCfg = Release|Any CPU
		{9DC43626-3364-4F20-A138-843C54D71BDA}.Release|Any CPU.Build.0 = Release|Any CPU
		{642F728B-C846-4D70-8D50-B989075A0BC3}.Debug|Any CPU.ActiveCfg = Debug|Any CPU
		{642F728B-C846-4D70-8D50-B989075A0BC3}.Debug|Any CPU.Build.0 = Debug|Any CPU
		{642F728B-C846-4D70-8D50-B989075A0BC3}.Release|Any CPU.ActiveCfg = Release|Any CPU
		{642F728B-C846-4D70-8D50-B989075A0BC3}.Release|Any CPU.Build.0 = Release|Any CPU
	EndGlobalSection
	GlobalSection(SolutionProperties) = preSolution
		HideSolutionNode = FALSE
	EndGlobalSection
	GlobalSection(ExtensibilityGlobals) = postSolution
		SolutionGuid = {89FE15E0-7339-486E-B8B1-33F2BC0B641D}
	EndGlobalSection
EndGlobal
